
Microsoft Visual Studio Solution File, Format Version 12.00
# Visual Studio Version 17
VisualStudioVersion = 17.6.33723.286
MinimumVisualStudioVersion = 10.0.40219.1
Project("{FAE04EC0-301F-11D3-BF4B-00C04F79EFBC}") = "ProblemTests", "ProblemTests\ProblemTests.csproj", "{6E418E0A-7E91-45AE-BFBF-EE5E6F65FAF8}"
EndProject
Project("{FAE04EC0-301F-11D3-BF4B-00C04F79EFBC}") = "Problems", "Problems\Problems.csproj", "{0FEC6E4E-E7C4-4B99-9968-628A3D3152E5}"
EndProject
Global
	GlobalSection(SolutionConfigurationPlatforms) = preSolution
		Debug|Any CPU = Debug|Any CPU
		Release|Any CPU = Release|Any CPU
	EndGlobalSection
	GlobalSection(ProjectConfigurationPlatforms) = postSolution
		{6E418E0A-7E91-45AE-BFBF-EE5E6F65FAF8}.Debug|Any CPU.ActiveCfg = Debug|Any CPU
		{6E418E0A-7E91-45AE-BFBF-EE5E6F65FAF8}.Debug|Any CPU.Build.0 = Debug|Any CPU
		{6E418E0A-7E91-45AE-BFBF-EE5E6F65FAF8}.Release|Any CPU.ActiveCfg = Release|Any CPU
		{6E418E0A-7E91-45AE-BFBF-EE5E6F65FAF8}.Release|Any CPU.Build.0 = Release|Any CPU
		{0FEC6E4E-E7C4-4B99-9968-628A3D3152E5}.Debug|Any CPU.ActiveCfg = Debug|Any CPU
		{0FEC6E4E-E7C4-4B99-9968-628A3D3152E5}.Debug|Any CPU.Build.0 = Debug|Any CPU
		{0FEC6E4E-E7C4-4B99-9968-628A3D3152E5}.Release|Any CPU.ActiveCfg = Release|Any CPU
		{0FEC6E4E-E7C4-4B99-9968-628A3D3152E5}.Release|Any CPU.Build.0 = Release|Any CPU
	EndGlobalSection
	GlobalSection(SolutionProperties) = preSolution
		HideSolutionNode = FALSE
	EndGlobalSection
	GlobalSection(ExtensibilityGlobals) = postSolution
		SolutionGuid = {9F5E6BD4-7AC4-4C8C-A682-BC4C354D8994}
	EndGlobalSection
EndGlobal
